
Microsoft Visual Studio Solution File, Format Version 12.00
# Visual Studio Version 16
VisualStudioVersion = 16.0.31605.320
MinimumVisualStudioVersion = 10.0.40219.1
Project("{F184B08F-C81C-45F6-A57F-5ABD9991F28F}") = "Prison Management System", "Prison Management System\Prison Management System.vbproj", "{45D9A675-8CDC-4AB1-BA1F-CC1DDD12742A}"
EndProject
Global
	GlobalSection(SolutionConfigurationPlatforms) = preSolution
		Debug|Any CPU = Debug|Any CPU
		Release|Any CPU = Release|Any CPU
	EndGlobalSection
	GlobalSection(ProjectConfigurationPlatforms) = postSolution
		{45D9A675-8CDC-4AB1-BA1F-CC1DDD12742A}.Debug|Any CPU.ActiveCfg = Debug|Any CPU
		{45D9A675-8CDC-4AB1-BA1F-CC1DDD12742A}.Debug|Any CPU.Build.0 = Debug|Any CPU
		{45D9A675-8CDC-4AB1-BA1F-CC1DDD12742A}.Release|Any CPU.ActiveCfg = Release|Any CPU
		{45D9A675-8CDC-4AB1-BA1F-CC1DDD12742A}.Release|Any CPU.Build.0 = Release|Any CPU
	EndGlobalSection
	GlobalSection(SolutionProperties) = preSolution
		HideSolutionNode = FALSE
	EndGlobalSection
	GlobalSection(ExtensibilityGlobals) = postSolution
		SolutionGuid = {E6867B7D-4EBB-4366-B97A-99B08770E2DB}
	EndGlobalSection
EndGlobal
